
Microsoft Visual Studio Solution File, Format Version 12.00
# Visual Studio Version 16
VisualStudioVersion = 25.0.1706.7
MinimumVisualStudioVersion = 10.0.40219.1
Project("{FAE04EC0-301F-11D3-BF4B-00C04F79EFBC}") = "PangeaBackend", "TestApi\PangeaBackend.csproj", "{D9152F81-A53D-4877-A5FD-BE99EBF298FA}"
EndProject
Global
	GlobalSection(SolutionConfigurationPlatforms) = preSolution
		Debug|Any CPU = Debug|Any CPU
		Release|Any CPU = Release|Any CPU
	EndGlobalSection
	GlobalSection(ProjectConfigurationPlatforms) = postSolution
		{D9152F81-A53D-4877-A5FD-BE99EBF298FA}.Debug|Any CPU.ActiveCfg = Debug|Any CPU
		{D9152F81-A53D-4877-A5FD-BE99EBF298FA}.Debug|Any CPU.Build.0 = Debug|Any CPU
		{D9152F81-A53D-4877-A5FD-BE99EBF298FA}.Release|Any CPU.ActiveCfg = Release|Any CPU
		{D9152F81-A53D-4877-A5FD-BE99EBF298FA}.Release|Any CPU.Build.0 = Release|Any CPU
	EndGlobalSection
	GlobalSection(SolutionProperties) = preSolution
		HideSolutionNode = FALSE
	EndGlobalSection
	GlobalSection(ExtensibilityGlobals) = postSolution
		SolutionGuid = {F6204442-9C4A-4E5F-BAB8-F45DFC2A0BE2}
	EndGlobalSection
	GlobalSection(MonoDevelopProperties) = preSolution
		Policies = $0
		$0.DotNetNamingPolicy = $1
		$1.DirectoryNamespaceAssociation = PrefixedHierarchical
		$0.TextStylePolicy = $2
		$2.inheritsSet = null
		$2.scope = text/x-csharp
		$0.CSharpFormattingPolicy = $3
		$3.scope = text/x-csharp
		$0.TextStylePolicy = $4
		$4.FileWidth = 80
		$4.TabsToSpaces = True
		$4.scope = text/plain
		$0.TextStylePolicy = $5
		$5.inheritsSet = null
		$5.scope = text/x-json
		$0.TextStylePolicy = $6
		$6.inheritsSet = null
		$6.scope = text/x-web
	EndGlobalSection
EndGlobal
